<Solution>
  <Configurations>
    <Platform Name="Any CPU" />
    <Platform Name="x64" />
    <Platform Name="x86" />
  </Configurations>
  <Project Path="Library.Domain/Library.Domain.vcxproj" />
  <Project Path="Library.MVC/Library.MVC.csproj" />
  <Project Path="Library.Tests/Library.Tests.csproj" />
</Solution>
